# THIS IS AN AUTOGENERATED FILE. DO NOT EDIT THIS FILE DIRECTLY.
# yarn lockfile v1


"@babel/code-frame@^7.0.0":
  version "7.26.2"
  resolved "https://registry.npmjs.org/@babel/code-frame/-/code-frame-7.26.2.tgz"
  integrity sha512-RJlIHRueQgwWitWgF8OdFYGZX328Ax5BCemNGlqHfplnRT9ESi8JkFlvaVYbS+UubVY6dpv87Fs2u5M29iNFVQ==
  dependencies:
    "@babel/helper-validator-identifier" "^7.25.9"
    js-tokens "^4.0.0"
    picocolors "^1.0.0"

"@babel/helper-validator-identifier@^7.25.9":
  version "7.25.9"
  resolved "https://registry.npmjs.org/@babel/helper-validator-identifier/-/helper-validator-identifier-7.25.9.tgz"
  integrity sha512-Ed61U6XJc3CVRfkERJWDz4dJwKe7iLmmJsbOGu9wSloNSFttHV0I8g6UAgb7qnK5ly5bGLPd4oXZlxCdANBOWQ==

"@esbuild/aix-ppc64@0.25.3":
  version "0.25.3"
  resolved "https://registry.npmjs.org/@esbuild/aix-ppc64/-/aix-ppc64-0.25.3.tgz"
  integrity sha512-W8bFfPA8DowP8l//sxjJLSLkD8iEjMc7cBVyP+u4cEv9sM7mdUCkgsj+t0n/BWPFtv7WWCN5Yzj0N6FJNUUqBQ==

"@esbuild/android-arm@0.25.3":
  version "0.25.3"
  resolved "https://registry.npmjs.org/@esbuild/android-arm/-/android-arm-0.25.3.tgz"
  integrity sha512-PuwVXbnP87Tcff5I9ngV0lmiSu40xw1At6i3GsU77U7cjDDB4s0X2cyFuBiDa1SBk9DnvWwnGvVaGBqoFWPb7A==

"@esbuild/android-arm64@0.25.3":
  version "0.25.3"
  resolved "https://registry.npmjs.org/@esbuild/android-arm64/-/android-arm64-0.25.3.tgz"
  integrity sha512-XelR6MzjlZuBM4f5z2IQHK6LkK34Cvv6Rj2EntER3lwCBFdg6h2lKbtRjpTTsdEjD/WSe1q8UyPBXP1x3i/wYQ==

"@esbuild/android-x64@0.25.3":
  version "0.25.3"
  resolved "https://registry.npmjs.org/@esbuild/android-x64/-/android-x64-0.25.3.tgz"
  integrity sha512-ogtTpYHT/g1GWS/zKM0cc/tIebFjm1F9Aw1boQ2Y0eUQ+J89d0jFY//s9ei9jVIlkYi8AfOjiixcLJSGNSOAdQ==

"@esbuild/darwin-arm64@0.25.3":
  version "0.25.3"
  resolved "https://registry.npmjs.org/@esbuild/darwin-arm64/-/darwin-arm64-0.25.3.tgz"
  integrity sha512-eESK5yfPNTqpAmDfFWNsOhmIOaQA59tAcF/EfYvo5/QWQCzXn5iUSOnqt3ra3UdzBv073ykTtmeLJZGt3HhA+w==

"@esbuild/darwin-x64@0.25.3":
  version "0.25.3"
  resolved "https://registry.npmjs.org/@esbuild/darwin-x64/-/darwin-x64-0.25.3.tgz"
  integrity sha512-Kd8glo7sIZtwOLcPbW0yLpKmBNWMANZhrC1r6K++uDR2zyzb6AeOYtI6udbtabmQpFaxJ8uduXMAo1gs5ozz8A==

"@esbuild/freebsd-arm64@0.25.3":
  version "0.25.3"
  resolved "https://registry.npmjs.org/@esbuild/freebsd-arm64/-/freebsd-arm64-0.25.3.tgz"
  integrity sha512-EJiyS70BYybOBpJth3M0KLOus0n+RRMKTYzhYhFeMwp7e/RaajXvP+BWlmEXNk6uk+KAu46j/kaQzr6au+JcIw==

"@esbuild/freebsd-x64@0.25.3":
  version "0.25.3"
  resolved "https://registry.npmjs.org/@esbuild/freebsd-x64/-/freebsd-x64-0.25.3.tgz"
  integrity sha512-Q+wSjaLpGxYf7zC0kL0nDlhsfuFkoN+EXrx2KSB33RhinWzejOd6AvgmP5JbkgXKmjhmpfgKZq24pneodYqE8Q==

"@esbuild/linux-arm@0.25.3":
  version "0.25.3"
  resolved "https://registry.npmjs.org/@esbuild/linux-arm/-/linux-arm-0.25.3.tgz"
  integrity sha512-dUOVmAUzuHy2ZOKIHIKHCm58HKzFqd+puLaS424h6I85GlSDRZIA5ycBixb3mFgM0Jdh+ZOSB6KptX30DD8YOQ==

"@esbuild/linux-arm64@0.25.3":
  version "0.25.3"
  resolved "https://registry.npmjs.org/@esbuild/linux-arm64/-/linux-arm64-0.25.3.tgz"
  integrity sha512-xCUgnNYhRD5bb1C1nqrDV1PfkwgbswTTBRbAd8aH5PhYzikdf/ddtsYyMXFfGSsb/6t6QaPSzxtbfAZr9uox4A==

"@esbuild/linux-ia32@0.25.3":
  version "0.25.3"
  resolved "https://registry.npmjs.org/@esbuild/linux-ia32/-/linux-ia32-0.25.3.tgz"
  integrity sha512-yplPOpczHOO4jTYKmuYuANI3WhvIPSVANGcNUeMlxH4twz/TeXuzEP41tGKNGWJjuMhotpGabeFYGAOU2ummBw==

"@esbuild/linux-loong64@0.25.3":
  version "0.25.3"
  resolved "https://registry.npmjs.org/@esbuild/linux-loong64/-/linux-loong64-0.25.3.tgz"
  integrity sha512-P4BLP5/fjyihmXCELRGrLd793q/lBtKMQl8ARGpDxgzgIKJDRJ/u4r1A/HgpBpKpKZelGct2PGI4T+axcedf6g==

"@esbuild/linux-mips64el@0.25.3":
  version "0.25.3"
  resolved "https://registry.npmjs.org/@esbuild/linux-mips64el/-/linux-mips64el-0.25.3.tgz"
  integrity sha512-eRAOV2ODpu6P5divMEMa26RRqb2yUoYsuQQOuFUexUoQndm4MdpXXDBbUoKIc0iPa4aCO7gIhtnYomkn2x+bag==

"@esbuild/linux-ppc64@0.25.3":
  version "0.25.3"
  resolved "https://registry.npmjs.org/@esbuild/linux-ppc64/-/linux-ppc64-0.25.3.tgz"
  integrity sha512-ZC4jV2p7VbzTlnl8nZKLcBkfzIf4Yad1SJM4ZMKYnJqZFD4rTI+pBG65u8ev4jk3/MPwY9DvGn50wi3uhdaghg==

"@esbuild/linux-riscv64@0.25.3":
  version "0.25.3"
  resolved "https://registry.npmjs.org/@esbuild/linux-riscv64/-/linux-riscv64-0.25.3.tgz"
  integrity sha512-LDDODcFzNtECTrUUbVCs6j9/bDVqy7DDRsuIXJg6so+mFksgwG7ZVnTruYi5V+z3eE5y+BJZw7VvUadkbfg7QA==

"@esbuild/linux-s390x@0.25.3":
  version "0.25.3"
  resolved "https://registry.npmjs.org/@esbuild/linux-s390x/-/linux-s390x-0.25.3.tgz"
  integrity sha512-s+w/NOY2k0yC2p9SLen+ymflgcpRkvwwa02fqmAwhBRI3SC12uiS10edHHXlVWwfAagYSY5UpmT/zISXPMW3tQ==

"@esbuild/linux-x64@0.25.3":
  version "0.25.3"
  resolved "https://registry.npmjs.org/@esbuild/linux-x64/-/linux-x64-0.25.3.tgz"
  integrity sha512-nQHDz4pXjSDC6UfOE1Fw9Q8d6GCAd9KdvMZpfVGWSJztYCarRgSDfOVBY5xwhQXseiyxapkiSJi/5/ja8mRFFA==

"@esbuild/netbsd-arm64@0.25.3":
  version "0.25.3"
  resolved "https://registry.npmjs.org/@esbuild/netbsd-arm64/-/netbsd-arm64-0.25.3.tgz"
  integrity sha512-1QaLtOWq0mzK6tzzp0jRN3eccmN3hezey7mhLnzC6oNlJoUJz4nym5ZD7mDnS/LZQgkrhEbEiTn515lPeLpgWA==

"@esbuild/netbsd-x64@0.25.3":
  version "0.25.3"
  resolved "https://registry.npmjs.org/@esbuild/netbsd-x64/-/netbsd-x64-0.25.3.tgz"
  integrity sha512-i5Hm68HXHdgv8wkrt+10Bc50zM0/eonPb/a/OFVfB6Qvpiirco5gBA5bz7S2SHuU+Y4LWn/zehzNX14Sp4r27g==

"@esbuild/openbsd-arm64@0.25.3":
  version "0.25.3"
  resolved "https://registry.npmjs.org/@esbuild/openbsd-arm64/-/openbsd-arm64-0.25.3.tgz"
  integrity sha512-zGAVApJEYTbOC6H/3QBr2mq3upG/LBEXr85/pTtKiv2IXcgKV0RT0QA/hSXZqSvLEpXeIxah7LczB4lkiYhTAQ==

"@esbuild/openbsd-x64@0.25.3":
  version "0.25.3"
  resolved "https://registry.npmjs.org/@esbuild/openbsd-x64/-/openbsd-x64-0.25.3.tgz"
  integrity sha512-fpqctI45NnCIDKBH5AXQBsD0NDPbEFczK98hk/aa6HJxbl+UtLkJV2+Bvy5hLSLk3LHmqt0NTkKNso1A9y1a4w==

"@esbuild/sunos-x64@0.25.3":
  version "0.25.3"
  resolved "https://registry.npmjs.org/@esbuild/sunos-x64/-/sunos-x64-0.25.3.tgz"
  integrity sha512-ROJhm7d8bk9dMCUZjkS8fgzsPAZEjtRJqCAmVgB0gMrvG7hfmPmz9k1rwO4jSiblFjYmNvbECL9uhaPzONMfgA==

"@esbuild/win32-arm64@0.25.3":
  version "0.25.3"
  resolved "https://registry.npmjs.org/@esbuild/win32-arm64/-/win32-arm64-0.25.3.tgz"
  integrity sha512-YWcow8peiHpNBiIXHwaswPnAXLsLVygFwCB3A7Bh5jRkIBFWHGmNQ48AlX4xDvQNoMZlPYzjVOQDYEzWCqufMQ==

"@esbuild/win32-ia32@0.25.3":
  version "0.25.3"
  resolved "https://registry.npmjs.org/@esbuild/win32-ia32/-/win32-ia32-0.25.3.tgz"
  integrity sha512-qspTZOIGoXVS4DpNqUYUs9UxVb04khS1Degaw/MnfMe7goQ3lTfQ13Vw4qY/Nj0979BGvMRpAYbs/BAxEvU8ew==

"@esbuild/win32-x64@0.25.3":
  version "0.25.3"
  resolved "https://registry.npmjs.org/@esbuild/win32-x64/-/win32-x64-0.25.3.tgz"
  integrity sha512-ICgUR+kPimx0vvRzf+N/7L7tVSQeE3BYY+NhHRHXS1kBuPO7z2+7ea2HbhDyZdTephgvNvKrlDDKUexuCVBVvg==

argparse@^2.0.1:
  version "2.0.1"
  resolved "https://registry.npmjs.org/argparse/-/argparse-2.0.1.tgz"
  integrity sha512-8+9WqebbFzpX9OR+Wa6O29asIogeRMzcGtAINdpMHHyAg10f05aSFVBbcEqGf/PXw1EjAZ+q2/bEBg3DvurK3Q==

callsites@^3.0.0:
  version "3.1.0"
  resolved "https://registry.npmjs.org/callsites/-/callsites-3.1.0.tgz"
  integrity sha512-P8BjAsXvZS+VIDUI11hHCQEv74YT67YUi5JJFNWIqL235sBmjX4+qx9Muvls5ivyNENctx46xQLQ3aTuE7ssaQ==

copy-anything@^2.0.1:
  version "2.0.6"
  resolved "https://registry.npmjs.org/copy-anything/-/copy-anything-2.0.6.tgz"
  integrity sha512-1j20GZTsvKNkc4BY3NpMOM8tt///wY3FpIzozTOFO2ffuZcV61nojHXVKIy3WM+7ADCy5FVhdZYHYDdgTU0yJw==
  dependencies:
    is-what "^3.14.1"

cosmiconfig@^9.0.0:
  version "9.0.0"
  resolved "https://registry.npmjs.org/cosmiconfig/-/cosmiconfig-9.0.0.tgz"
  integrity sha512-itvL5h8RETACmOTFc4UfIyB2RfEHi71Ax6E/PivVxq9NseKbOWpeyHEOIbmAw1rs8Ak0VursQNww7lf7YtUwzg==
  dependencies:
    env-paths "^2.2.1"
    import-fresh "^3.3.0"
    js-yaml "^4.1.0"
    parse-json "^5.2.0"

cssesc@^3.0.0:
  version "3.0.0"
  resolved "https://registry.npmjs.org/cssesc/-/cssesc-3.0.0.tgz"
  integrity sha512-/Tb/JcjK111nNScGob5MNtsntNM1aCNUDipB/TkwZFhyDrrE47SOx/18wF2bbjgc3ZzCSKW1T5nt5EbFoAz/Vg==

env-paths@^2.2.1:
  version "2.2.1"
  resolved "https://registry.npmjs.org/env-paths/-/env-paths-2.2.1.tgz"
  integrity sha512-+h1lkLKhZMTYjog1VEpJNG7NZJWcuc2DDk/qsqSTRRCOXiLjeQ1d1/udrUGhqMxUgAlwKNZ0cf2uqan5GLuS2A==

errno@^0.1.1:
  version "0.1.8"
  resolved "https://registry.npmjs.org/errno/-/errno-0.1.8.tgz"
  integrity sha512-dJ6oBr5SQ1VSd9qkk7ByRgb/1SH4JZjCHSW/mr63/QcXO9zLVxvJ6Oy13nio03rxpSnVDDjFor75SjVeZWPW/A==
  dependencies:
    prr "~1.0.1"

error-ex@^1.3.1:
  version "1.3.2"
  resolved "https://registry.npmjs.org/error-ex/-/error-ex-1.3.2.tgz"
  integrity sha512-7dFHNmqeFSEt2ZBsCriorKnn3Z2pj+fd9kmI6QoWw4//DL+icEBfc0U7qJCisqrTsKTjw4fNFy2pW9OqStD84g==
  dependencies:
    is-arrayish "^0.2.1"

esbuild-plugin-postcss@^0.3.0:
  version "0.3.0"
  resolved "https://registry.npmjs.org/esbuild-plugin-postcss/-/esbuild-plugin-postcss-0.3.0.tgz"
  integrity sha512-R0D/ybNcit9QRfvF5ytR3m1mDIxSfD5hyhpDHoniMA638Z302oyvjBwTM1KDYIhg7OFYH1u/BsfJpUaDgVQP0Q==
  dependencies:
    esbuild "^0.25.2"
    less "^4.3.0"
    postcss "^8.5.3"
    postcss-modules "^6.0.1"

esbuild@^0.25.2, esbuild@^0.25.3:
  version "0.25.3"
  resolved "https://registry.npmjs.org/esbuild/-/esbuild-0.25.3.tgz"
  integrity sha512-qKA6Pvai73+M2FtftpNKRxJ78GIjmFXFxd/1DVBqGo/qNhLSfv+G12n9pNoWdytJC8U00TrViOwpjT0zgqQS8Q==
  optionalDependencies:
    "@esbuild/aix-ppc64" "0.25.3"
    "@esbuild/android-arm" "0.25.3"
    "@esbuild/android-arm64" "0.25.3"
    "@esbuild/android-x64" "0.25.3"
    "@esbuild/darwin-arm64" "0.25.3"
    "@esbuild/darwin-x64" "0.25.3"
    "@esbuild/freebsd-arm64" "0.25.3"
    "@esbuild/freebsd-x64" "0.25.3"
    "@esbuild/linux-arm" "0.25.3"
    "@esbuild/linux-arm64" "0.25.3"
    "@esbuild/linux-ia32" "0.25.3"
    "@esbuild/linux-loong64" "0.25.3"
    "@esbuild/linux-mips64el" "0.25.3"
    "@esbuild/linux-ppc64" "0.25.3"
    "@esbuild/linux-riscv64" "0.25.3"
    "@esbuild/linux-s390x" "0.25.3"
    "@esbuild/linux-x64" "0.25.3"
    "@esbuild/netbsd-arm64" "0.25.3"
    "@esbuild/netbsd-x64" "0.25.3"
    "@esbuild/openbsd-arm64" "0.25.3"
    "@esbuild/openbsd-x64" "0.25.3"
    "@esbuild/sunos-x64" "0.25.3"
    "@esbuild/win32-arm64" "0.25.3"
    "@esbuild/win32-ia32" "0.25.3"
    "@esbuild/win32-x64" "0.25.3"

generic-names@^4.0.0:
  version "4.0.0"
  resolved "https://registry.npmjs.org/generic-names/-/generic-names-4.0.0.tgz"
  integrity sha512-ySFolZQfw9FoDb3ed9d80Cm9f0+r7qj+HJkWjeD9RBfpxEVTlVhol+gvaQB/78WbwYfbnNh8nWHHBSlg072y6A==
  dependencies:
    loader-utils "^3.2.0"

graceful-fs@^4.1.2:
  version "4.2.11"
  resolved "https://registry.npmjs.org/graceful-fs/-/graceful-fs-4.2.11.tgz"
  integrity sha512-RbJ5/jmFcNNCcDV5o9eTnBLJ/HszWV0P73bc+Ff4nS/rJj+YaS6IGyiOL0VoBYX+l1Wrl3k63h/KrH+nhJ0XvQ==

iconv-lite@^0.6.3:
  version "0.6.3"
  resolved "https://registry.npmjs.org/iconv-lite/-/iconv-lite-0.6.3.tgz"
  integrity sha512-4fCk79wshMdzMp2rH06qWrJE4iolqLhCUH+OiuIgU++RB0+94NlDL81atO7GX55uUKueo0txHNtvEyI6D7WdMw==
  dependencies:
    safer-buffer ">= 2.1.2 < 3.0.0"

icss-utils@^5.0.0, icss-utils@^5.1.0:
  version "5.1.0"
  resolved "https://registry.npmjs.org/icss-utils/-/icss-utils-5.1.0.tgz"
  integrity sha512-soFhflCVWLfRNOPU3iv5Z9VUdT44xFRbzjLsEzSr5AQmgqPMTHdU3PMT1Cf1ssx8fLNJDA1juftYl+PUcv3MqA==

image-size@~0.5.0:
  version "0.5.5"
  resolved "https://registry.npmjs.org/image-size/-/image-size-0.5.5.tgz"
  integrity sha512-6TDAlDPZxUFCv+fuOkIoXT/V/f3Qbq8e37p+YOiYrUv3v9cc3/6x78VdfPgFVaB9dZYeLUfKgHRebpkm/oP2VQ==

import-fresh@^3.3.0:
  version "3.3.1"
  resolved "https://registry.npmjs.org/import-fresh/-/import-fresh-3.3.1.tgz"
  integrity sha512-TR3KfrTZTYLPB6jUjfx6MF9WcWrHL9su5TObK4ZkYgBdWKPOFoSoQIdEuTuR82pmtxH2spWG9h6etwfr1pLBqQ==
  dependencies:
    parent-module "^1.0.0"
    resolve-from "^4.0.0"

is-arrayish@^0.2.1:
  version "0.2.1"
  resolved "https://registry.npmjs.org/is-arrayish/-/is-arrayish-0.2.1.tgz"
  integrity sha512-zz06S8t0ozoDXMG+ube26zeCTNXcKIPJZJi8hBrF4idCLms4CG9QtK7qBl1boi5ODzFpjswb5JPmHCbMpjaYzg==

is-what@^3.14.1:
  version "3.14.1"
  resolved "https://registry.npmjs.org/is-what/-/is-what-3.14.1.tgz"
  integrity sha512-sNxgpk9793nzSs7bA6JQJGeIuRBQhAaNGG77kzYQgMkrID+lS6SlK07K5LaptscDlSaIgH+GPFzf+d75FVxozA==

jiti@^1.20.0:
  version "1.21.7"
  resolved "https://registry.npmjs.org/jiti/-/jiti-1.21.7.tgz"
  integrity sha512-/imKNG4EbWNrVjoNC/1H5/9GFy+tqjGBHCaSsN+P2RnPqjsLmv6UD3Ej+Kj8nBWaRAwyk7kK5ZUc+OEatnTR3A==

js-tokens@^4.0.0:
  version "4.0.0"
  resolved "https://registry.npmjs.org/js-tokens/-/js-tokens-4.0.0.tgz"
  integrity sha512-RdJUflcE3cUzKiMqQgsCu06FPu9UdIJO0beYbPhHN4k6apgJtifcoCtT9bcxOpYBtpD2kCM6Sbzg4CausW/PKQ==

js-yaml@^4.1.0:
  version "4.1.0"
  resolved "https://registry.npmjs.org/js-yaml/-/js-yaml-4.1.0.tgz"
  integrity sha512-wpxZs9NoxZaJESJGIZTyDEaYpl0FKSA+FB9aJiyemKhMwkxQg63h4T1KJgUGHpTqPDNRcmmYLugrRjJlBtWvRA==
  dependencies:
    argparse "^2.0.1"

json-parse-even-better-errors@^2.3.0:
  version "2.3.1"
  resolved "https://registry.npmjs.org/json-parse-even-better-errors/-/json-parse-even-better-errors-2.3.1.tgz"
  integrity sha512-xyFwyhro/JEof6Ghe2iz2NcXoj2sloNsWr/XsERDK/oiPCfaNhl5ONfp+jQdAZRQQ0IJWNzH9zIZF7li91kh2w==

less@^4.3.0:
  version "4.3.0"
  resolved "https://registry.npmjs.org/less/-/less-4.3.0.tgz"
  integrity sha512-X9RyH9fvemArzfdP8Pi3irr7lor2Ok4rOttDXBhlwDg+wKQsXOXgHWduAJE1EsF7JJx0w0bcO6BC6tCKKYnXKA==
  dependencies:
    copy-anything "^2.0.1"
    parse-node-version "^1.0.1"
    tslib "^2.3.0"
  optionalDependencies:
    errno "^0.1.1"
    graceful-fs "^4.1.2"
    image-size "~0.5.0"
    make-dir "^2.1.0"
    mime "^1.4.1"
    needle "^3.1.0"
    source-map "~0.6.0"

lines-and-columns@^1.1.6:
  version "1.2.4"
  resolved "https://registry.npmjs.org/lines-and-columns/-/lines-and-columns-1.2.4.tgz"
  integrity sha512-7ylylesZQ/PV29jhEDl3Ufjo6ZX7gCqJr5F7PKrqc93v7fzSymt1BpwEU8nAUXs8qzzvqhbjhK5QZg6Mt/HkBg==

loader-utils@^3.2.0:
  version "3.3.1"
  resolved "https://registry.npmjs.org/loader-utils/-/loader-utils-3.3.1.tgz"
  integrity sha512-FMJTLMXfCLMLfJxcX9PFqX5qD88Z5MRGaZCVzfuqeZSPsyiBzs+pahDQjbIWz2QIzPZz0NX9Zy4FX3lmK6YHIg==

lodash.camelcase@^4.3.0:
  version "4.3.0"
  resolved "https://registry.npmjs.org/lodash.camelcase/-/lodash.camelcase-4.3.0.tgz"
  integrity sha512-TwuEnCnxbc3rAvhf/LbG7tJUDzhqXyFnv3dtzLOPgCG/hODL7WFnsbwktkD7yUV0RrreP/l1PALq/YSg6VvjlA==

make-dir@^2.1.0:
  version "2.1.0"
  resolved "https://registry.npmjs.org/make-dir/-/make-dir-2.1.0.tgz"
  integrity sha512-LS9X+dc8KLxXCb8dni79fLIIUA5VyZoyjSMCwTluaXA0o27cCK0bhXkpgw+sTXVpPy/lSO57ilRixqk0vDmtRA==
  dependencies:
    pify "^4.0.1"
    semver "^5.6.0"

mime@^1.4.1:
  version "1.6.0"
  resolved "https://registry.npmjs.org/mime/-/mime-1.6.0.tgz"
  integrity sha512-x0Vn8spI+wuJ1O6S7gnbaQg8Pxh4NNHb7KSINmEWKiPE4RKOplvijn+NkmYmmRgP68mc70j2EbeTFRsrswaQeg==

nanoid@^3.3.8:
  version "3.3.11"
  resolved "https://registry.npmjs.org/nanoid/-/nanoid-3.3.11.tgz"
  integrity sha512-N8SpfPUnUp1bK+PMYW8qSWdl9U+wwNWI4QKxOYDy9JAro3WMX7p2OeVRF9v+347pnakNevPmiHhNmZ2HbFA76w==

needle@^3.1.0:
  version "3.3.1"
  resolved "https://registry.npmjs.org/needle/-/needle-3.3.1.tgz"
  integrity sha512-6k0YULvhpw+RoLNiQCRKOl09Rv1dPLr8hHnVjHqdolKwDrdNyk+Hmrthi4lIGPPz3r39dLx0hsF5s40sZ3Us4Q==
  dependencies:
    iconv-lite "^0.6.3"
    sax "^1.2.4"

parent-module@^1.0.0:
  version "1.0.1"
  resolved "https://registry.npmjs.org/parent-module/-/parent-module-1.0.1.tgz"
  integrity sha512-GQ2EWRpQV8/o+Aw8YqtfZZPfNRWZYkbidE9k5rpl/hC3vtHHBfGm2Ifi6qWV+coDGkrUKZAxE3Lot5kcsRlh+g==
  dependencies:
    callsites "^3.0.0"

parse-json@^5.2.0:
  version "5.2.0"
  resolved "https://registry.npmjs.org/parse-json/-/parse-json-5.2.0.tgz"
  integrity sha512-ayCKvm/phCGxOkYRSCM82iDwct8/EonSEgCSxWxD7ve6jHggsFl4fZVQBPRNgQoKiuV/odhFrGzQXZwbifC8Rg==
  dependencies:
    "@babel/code-frame" "^7.0.0"
    error-ex "^1.3.1"
    json-parse-even-better-errors "^2.3.0"
    lines-and-columns "^1.1.6"

parse-node-version@^1.0.1:
  version "1.0.1"
  resolved "https://registry.npmjs.org/parse-node-version/-/parse-node-version-1.0.1.tgz"
  integrity sha512-3YHlOa/JgH6Mnpr05jP9eDG254US9ek25LyIxZlDItp2iJtwyaXQb57lBYLdT3MowkUFYEV2XXNAYIPlESvJlA==

picocolors@^0.2.1:
  version "0.2.1"
  resolved "https://registry.npmjs.org/picocolors/-/picocolors-0.2.1.tgz"
  integrity sha512-cMlDqaLEqfSaW8Z7N5Jw+lyIW869EzT73/F5lhtY9cLGoVxSXznfgfXMO0Z5K0o0Q2TkTXq+0KFsdnSe3jDViA==

picocolors@^1.0.0:
  version "1.1.1"
  resolved "https://registry.npmjs.org/picocolors/-/picocolors-1.1.1.tgz"
  integrity sha512-xceH2snhtb5M9liqDsmEw56le376mTZkEX/jEb/RxNFyegNul7eNslCXP9FDj/Lcu0X8KEyMceP2ntpaHrDEVA==

picocolors@^1.1.1:
  version "1.1.1"
  resolved "https://registry.npmjs.org/picocolors/-/picocolors-1.1.1.tgz"
  integrity sha512-xceH2snhtb5M9liqDsmEw56le376mTZkEX/jEb/RxNFyegNul7eNslCXP9FDj/Lcu0X8KEyMceP2ntpaHrDEVA==

pify@^4.0.1:
  version "4.0.1"
  resolved "https://registry.npmjs.org/pify/-/pify-4.0.1.tgz"
  integrity sha512-uB80kBFb/tfd68bVleG9T5GGsGPjJrLAUpR5PZIrhBnIaRTQRjqdJSsIKkOP6OAIFbj7GOrcudc5pNjZ+geV2g==

postcss-loader@^8.1.1:
  version "8.1.1"
  resolved "https://registry.npmjs.org/postcss-loader/-/postcss-loader-8.1.1.tgz"
  integrity sha512-0IeqyAsG6tYiDRCYKQJLAmgQr47DX6N7sFSWvQxt6AcupX8DIdmykuk/o/tx0Lze3ErGHJEp5OSRxrelC6+NdQ==
  dependencies:
    cosmiconfig "^9.0.0"
    jiti "^1.20.0"
    semver "^7.5.4"

postcss-modules-extract-imports@^3.1.0:
  version "3.1.0"
  resolved "https://registry.npmjs.org/postcss-modules-extract-imports/-/postcss-modules-extract-imports-3.1.0.tgz"
  integrity sha512-k3kNe0aNFQDAZGbin48pL2VNidTF0w4/eASDsxlyspobzU3wZQLOGj7L9gfRe0Jo9/4uud09DsjFNH7winGv8Q==

postcss-modules-local-by-default@^4.0.5:
  version "4.2.0"
  resolved "https://registry.npmjs.org/postcss-modules-local-by-default/-/postcss-modules-local-by-default-4.2.0.tgz"
  integrity sha512-5kcJm/zk+GJDSfw+V/42fJ5fhjL5YbFDl8nVdXkJPLLW+Vf9mTD5Xe0wqIaDnLuL2U6cDNpTr+UQ+v2HWIBhzw==
  dependencies:
    icss-utils "^5.0.0"
    postcss-selector-parser "^7.0.0"
    postcss-value-parser "^4.1.0"

postcss-modules-scope@^3.2.0:
  version "3.2.1"
  resolved "https://registry.npmjs.org/postcss-modules-scope/-/postcss-modules-scope-3.2.1.tgz"
  integrity sha512-m9jZstCVaqGjTAuny8MdgE88scJnCiQSlSrOWcTQgM2t32UBe+MUmFSO5t7VMSfAf/FJKImAxBav8ooCHJXCJA==
  dependencies:
    postcss-selector-parser "^7.0.0"

postcss-modules-values@^4.0.0:
  version "4.0.0"
  resolved "https://registry.npmjs.org/postcss-modules-values/-/postcss-modules-values-4.0.0.tgz"
  integrity sha512-RDxHkAiEGI78gS2ofyvCsu7iycRv7oqw5xMWn9iMoR0N/7mf9D50ecQqUo5BZ9Zh2vH4bCUR/ktCqbB9m8vJjQ==
  dependencies:
    icss-utils "^5.0.0"

postcss-modules@^6.0.1:
  version "6.0.1"
  resolved "https://registry.npmjs.org/postcss-modules/-/postcss-modules-6.0.1.tgz"
  integrity sha512-zyo2sAkVvuZFFy0gc2+4O+xar5dYlaVy/ebO24KT0ftk/iJevSNyPyQellsBLlnccwh7f6V6Y4GvuKRYToNgpQ==
  dependencies:
    generic-names "^4.0.0"
    icss-utils "^5.1.0"
    lodash.camelcase "^4.3.0"
    postcss-modules-extract-imports "^3.1.0"
    postcss-modules-local-by-default "^4.0.5"
    postcss-modules-scope "^3.2.0"
    postcss-modules-values "^4.0.0"
    string-hash "^1.1.3"

postcss-selector-parser@^7.0.0:
  version "7.1.0"
  resolved "https://registry.npmjs.org/postcss-selector-parser/-/postcss-selector-parser-7.1.0.tgz"
  integrity sha512-8sLjZwK0R+JlxlYcTuVnyT2v+htpdrjDOKuMcOVdYjt52Lh8hWRYpxBPoKx/Zg+bcjc3wx6fmQevMmUztS/ccA==
  dependencies:
    cssesc "^3.0.0"
    util-deprecate "^1.0.2"

postcss-value-parser@^4.1.0:
  version "4.2.0"
  resolved "https://registry.npmjs.org/postcss-value-parser/-/postcss-value-parser-4.2.0.tgz"
  integrity sha512-1NNCs6uurfkVbeXG4S8JFT9t19m45ICnif8zWLd5oPSZ50QnwMfK+H3jv408d4jw/7Bttv5axS5IiHoLaVNHeQ==

"postcss@^7.0.0 || ^8.0.1":
  version "7.0.39"
  resolved "https://registry.npmjs.org/postcss/-/postcss-7.0.39.tgz"
  integrity sha512-yioayjNbHn6z1/Bywyb2Y4s3yvDAeXGOyxqD+LnVOinq6Mdmd++SW2wUNVzavyyHxd6+DxzWGIuosg6P1Rj8uA==
  dependencies:
    picocolors "^0.2.1"
    source-map "^0.6.1"

postcss@^8.0.0, postcss@^8.1.0, postcss@^8.5.3:
  version "8.5.3"
  resolved "https://registry.npmjs.org/postcss/-/postcss-8.5.3.tgz"
  integrity sha512-dle9A3yYxlBSrt8Fu+IpjGT8SY8hN0mlaA6GY8t0P5PjIOZemULz/E2Bnm/2dcUOena75OTNkHI76uZBNUUq3A==
  dependencies:
    nanoid "^3.3.8"
    picocolors "^1.1.1"
    source-map-js "^1.2.1"

prr@~1.0.1:
  version "1.0.1"
  resolved "https://registry.npmjs.org/prr/-/prr-1.0.1.tgz"
  integrity sha512-yPw4Sng1gWghHQWj0B3ZggWUm4qVbPwPFcRG8KyxiU7J2OHFSoEHKS+EZ3fv5l1t9CyCiop6l/ZYeWbrgoQejw==

resolve-from@^4.0.0:
  version "4.0.0"
  resolved "https://registry.npmjs.org/resolve-from/-/resolve-from-4.0.0.tgz"
  integrity sha512-pb/MYmXstAkysRFx8piNI1tGFNQIFA3vkE3Gq4EuA1dF6gHp/+vgZqsCGJapvy8N3Q+4o7FwvquPJcnZ7RYy4g==

"safer-buffer@>= 2.1.2 < 3.0.0":
  version "2.1.2"
  resolved "https://registry.npmjs.org/safer-buffer/-/safer-buffer-2.1.2.tgz"
  integrity sha512-YZo3K82SD7Riyi0E1EQPojLz7kpepnSQI9IyPbHHg1XXXevb5dJI7tpyN2ADxGcQbHG7vcyRHk0cbwqcQriUtg==

sax@^1.2.4:
  version "1.4.1"
  resolved "https://registry.npmjs.org/sax/-/sax-1.4.1.tgz"
  integrity sha512-+aWOz7yVScEGoKNd4PA10LZ8sk0A/z5+nXQG5giUO5rprX9jgYsTdov9qCchZiPIZezbZH+jRut8nPodFAX4Jg==

semver@^5.6.0:
  version "5.7.2"
  resolved "https://registry.npmjs.org/semver/-/semver-5.7.2.tgz"
  integrity sha512-cBznnQ9KjJqU67B52RMC65CMarK2600WFnbkcaiwWq3xy/5haFJlshgnpjovMVJ+Hff49d8GEn0b87C5pDQ10g==

semver@^7.5.4:
  version "7.7.1"
  resolved "https://registry.npmjs.org/semver/-/semver-7.7.1.tgz"
  integrity sha512-hlq8tAfn0m/61p4BVRcPzIGr6LKiMwo4VM6dGi6pt4qcRkmNzTcWq6eCEjEh+qXjkMDvPlOFFSGwQjoEa6gyMA==

source-map-js@^1.2.1:
  version "1.2.1"
  resolved "https://registry.npmjs.org/source-map-js/-/source-map-js-1.2.1.tgz"
  integrity sha512-UXWMKhLOwVKb728IUtQPXxfYU+usdybtUrK/8uGE8CQMvrhOpwvzDBwj0QhSL7MQc7vIsISBG8VQ8+IDQxpfQA==

source-map@^0.6.1, source-map@~0.6.0:
  version "0.6.1"
  resolved "https://registry.npmjs.org/source-map/-/source-map-0.6.1.tgz"
  integrity sha512-UjgapumWlbMhkBgzT7Ykc5YXUT46F0iKu8SGXq0bcwP5dz/h0Plj6enJqjz1Zbq2l5WaqYnrVbwWOWMyF3F47g==

string-hash@^1.1.3:
  version "1.1.3"
  resolved "https://registry.npmjs.org/string-hash/-/string-hash-1.1.3.tgz"
  integrity sha512-kJUvRUFK49aub+a7T1nNE66EJbZBMnBgoC1UbCZ5n6bsZKBRga4KgBRTMn/pFkeCZSYtNeSyMxPDM0AXWELk2A==

tslib@^2.3.0:
  version "2.8.1"
  resolved "https://registry.npmjs.org/tslib/-/tslib-2.8.1.tgz"
  integrity sha512-oJFu94HQb+KVduSUQL7wnpmqnfmLsOA/nAh6b6EH0wCEoK0/mPeXU6c3wKDV83MkOuHPRHtSXKKU99IBazS/2w==

util-deprecate@^1.0.2:
  version "1.0.2"
  resolved "https://registry.npmjs.org/util-deprecate/-/util-deprecate-1.0.2.tgz"
  integrity sha512-EPD5q1uXyFxJpCrLnCc1nHnq3gOa6DZBocAIiI2TaSCA7VCJ1UJDMagCzIkXNsUYfD1daK//LTEQ8xiIbrHtcw==
